
Microsoft Visual Studio Solution File, Format Version 12.00
Project("{FAE04EC0-301F-11D3-BF4B-00C04F79EFBC}") = "todo-api", "todo-api\todo-api.csproj", "{0DD573F3-13B1-4665-A3BA-9001C104A444}"
EndProject
Global
	GlobalSection(SolutionConfigurationPlatforms) = preSolution
		Debug|Any CPU = Debug|Any CPU
		Release|Any CPU = Release|Any CPU
	EndGlobalSection
	GlobalSection(ProjectConfigurationPlatforms) = postSolution
		{0DD573F3-13B1-4665-A3BA-9001C104A444}.Debug|Any CPU.ActiveCfg = Debug|Any CPU
		{0DD573F3-13B1-4665-A3BA-9001C104A444}.Debug|Any CPU.Build.0 = Debug|Any CPU
		{0DD573F3-13B1-4665-A3BA-9001C104A444}.Release|Any CPU.ActiveCfg = Release|Any CPU
		{0DD573F3-13B1-4665-A3BA-9001C104A444}.Release|Any CPU.Build.0 = Release|Any CPU
	EndGlobalSection
EndGlobal
